{
  "name": "roll-up",
  "version": "0.0.1",
  "lockfileVersion": 3,
  "requires": true,
  "packages": {
    "": {
      "name": "roll-up",
      "version": "0.0.1",
      "license": "GPL-3.0-or-later",
      "bin": {
        "roll": "bin/roll-up.js"
      },
      "engines": {
        "node": ">=14"
      }
    }
  }
}
